{
  "name": "clase22",
  "version": "1.0.0",
  "lockfileVersion": 2,
  "requires": true,
  "packages": {
    "": {
      "name": "clase22",
      "version": "1.0.0",
      "license": "ISC",
      "dependencies": {
        "normalizer": "^1.2.7",
        "normalizr": "^3.6.2"
      }
    },
    "node_modules/normalizer": {
      "version": "1.2.7",
      "resolved": "https://registry.npmjs.org/normalizer/-/normalizer-1.2.7.tgz",
      "integrity": "sha1-7BOeywfgZIg36c6WaN9E5aDRPok="
    },
    "node_modules/normalizr": {
      "version": "3.6.2",
      "resolved": "https://registry.npmjs.org/normalizr/-/normalizr-3.6.2.tgz",
      "integrity": "sha512-30qCybsBaCBciotorvuOZTCGEg2AXrJfADMT2Kk/lvpIAcipHdK0zc33nNtwKzyfQAqIJXAcqET6YgflYUgsoQ=="
    }
  },
  "dependencies": {
    "normalizer": {
      "version": "1.2.7",
      "resolved": "https://registry.npmjs.org/normalizer/-/normalizer-1.2.7.tgz",
      "integrity": "sha1-7BOeywfgZIg36c6WaN9E5aDRPok="
    },
    "normalizr": {
      "version": "3.6.2",
      "resolved": "https://registry.npmjs.org/normalizr/-/normalizr-3.6.2.tgz",
      "integrity": "sha512-30qCybsBaCBciotorvuOZTCGEg2AXrJfADMT2Kk/lvpIAcipHdK0zc33nNtwKzyfQAqIJXAcqET6YgflYUgsoQ=="
    }
  }
}
